
Microsoft Visual Studio Solution File, Format Version 12.00
# Visual Studio Version 17
VisualStudioVersion = 17.1.32319.34
MinimumVisualStudioVersion = 10.0.40219.1
Project("{9A19103F-16F7-4668-BE54-9A1E7A4F7556}") = "API_SCHOOL", "API_SCHOOL\API_SCHOOL.csproj", "{89AE2E12-9E4B-4708-98F8-B74634135470}"
EndProject
Project("{2150E333-8FDC-42A3-9474-1A3956D46DE8}") = "1 - Presentation", "1 - Presentation", "{1D817466-FADF-469E-9D1D-CCCE44CF556D}"
EndProject
Project("{2150E333-8FDC-42A3-9474-1A3956D46DE8}") = "2 - Application", "2 - Application", "{AA43E661-AF3E-41D4-910A-6DB867EFB25D}"
EndProject
Project("{2150E333-8FDC-42A3-9474-1A3956D46DE8}") = "3 - Domain", "3 - Domain", "{6FD3F331-F0AE-474D-B1D9-B8F5C258B42A}"
EndProject
Project("{2150E333-8FDC-42A3-9474-1A3956D46DE8}") = "4 - Utils", "4 - Utils", "{C5BE9A51-D9D0-4F25-9A51-61A1C834C1EB}"
EndProject
Project("{2150E333-8FDC-42A3-9474-1A3956D46DE8}") = "5 - Tests", "5 - Tests", "{437C1DC5-D1CA-4B51-90B1-4B3E99A6C66F}"
EndProject
Project("{9A19103F-16F7-4668-BE54-9A1E7A4F7556}") = "API_SCHOOL.Application", "API_SCHOOL.Application\API_SCHOOL.Application.csproj", "{C8ACD5E6-2BFD-4A53-B90B-344E1A943DDD}"
EndProject
Project("{9A19103F-16F7-4668-BE54-9A1E7A4F7556}") = "API_SCHOOL.Domain", "API_SCHOOL.Domain\API_SCHOOL.Domain.csproj", "{0148C499-C0B2-4E41-BF1A-08F030CC7761}"
EndProject
Project("{9A19103F-16F7-4668-BE54-9A1E7A4F7556}") = "API_SCHOOL.Utils", "API_SCHOOL.Utils\API_SCHOOL.Utils.csproj", "{74AE798A-B942-4663-8BE9-CE81757E0D0A}"
EndProject
Project("{FAE04EC0-301F-11D3-BF4B-00C04F79EFBC}") = "API_SCHOOL.Models", "API_SCHOOL.Models\API_SCHOOL.Models.csproj", "{DA409CFE-9D5D-45C7-A940-FC6D4EE2121D}"
EndProject
Global
	GlobalSection(SolutionConfigurationPlatforms) = preSolution
		Debug|Any CPU = Debug|Any CPU
		Release|Any CPU = Release|Any CPU
	EndGlobalSection
	GlobalSection(ProjectConfigurationPlatforms) = postSolution
		{89AE2E12-9E4B-4708-98F8-B74634135470}.Debug|Any CPU.ActiveCfg = Debug|Any CPU
		{89AE2E12-9E4B-4708-98F8-B74634135470}.Debug|Any CPU.Build.0 = Debug|Any CPU
		{89AE2E12-9E4B-4708-98F8-B74634135470}.Release|Any CPU.ActiveCfg = Release|Any CPU
		{89AE2E12-9E4B-4708-98F8-B74634135470}.Release|Any CPU.Build.0 = Release|Any CPU
		{C8ACD5E6-2BFD-4A53-B90B-344E1A943DDD}.Debug|Any CPU.ActiveCfg = Debug|Any CPU
		{C8ACD5E6-2BFD-4A53-B90B-344E1A943DDD}.Debug|Any CPU.Build.0 = Debug|Any CPU
		{C8ACD5E6-2BFD-4A53-B90B-344E1A943DDD}.Release|Any CPU.ActiveCfg = Release|Any CPU
		{C8ACD5E6-2BFD-4A53-B90B-344E1A943DDD}.Release|Any CPU.Build.0 = Release|Any CPU
		{0148C499-C0B2-4E41-BF1A-08F030CC7761}.Debug|Any CPU.ActiveCfg = Debug|Any CPU
		{0148C499-C0B2-4E41-BF1A-08F030CC7761}.Debug|Any CPU.Build.0 = Debug|Any CPU
		{0148C499-C0B2-4E41-BF1A-08F030CC7761}.Release|Any CPU.ActiveCfg = Release|Any CPU
		{0148C499-C0B2-4E41-BF1A-08F030CC7761}.Release|Any CPU.Build.0 = Release|Any CPU
		{74AE798A-B942-4663-8BE9-CE81757E0D0A}.Debug|Any CPU.ActiveCfg = Debug|Any CPU
		{74AE798A-B942-4663-8BE9-CE81757E0D0A}.Debug|Any CPU.Build.0 = Debug|Any CPU
		{74AE798A-B942-4663-8BE9-CE81757E0D0A}.Release|Any CPU.ActiveCfg = Release|Any CPU
		{74AE798A-B942-4663-8BE9-CE81757E0D0A}.Release|Any CPU.Build.0 = Release|Any CPU
		{DA409CFE-9D5D-45C7-A940-FC6D4EE2121D}.Debug|Any CPU.ActiveCfg = Debug|Any CPU
		{DA409CFE-9D5D-45C7-A940-FC6D4EE2121D}.Debug|Any CPU.Build.0 = Debug|Any CPU
		{DA409CFE-9D5D-45C7-A940-FC6D4EE2121D}.Release|Any CPU.ActiveCfg = Release|Any CPU
		{DA409CFE-9D5D-45C7-A940-FC6D4EE2121D}.Release|Any CPU.Build.0 = Release|Any CPU
	EndGlobalSection
	GlobalSection(SolutionProperties) = preSolution
		HideSolutionNode = FALSE
	EndGlobalSection
	GlobalSection(NestedProjects) = preSolution
		{89AE2E12-9E4B-4708-98F8-B74634135470} = {1D817466-FADF-469E-9D1D-CCCE44CF556D}
		{C8ACD5E6-2BFD-4A53-B90B-344E1A943DDD} = {AA43E661-AF3E-41D4-910A-6DB867EFB25D}
		{0148C499-C0B2-4E41-BF1A-08F030CC7761} = {6FD3F331-F0AE-474D-B1D9-B8F5C258B42A}
		{74AE798A-B942-4663-8BE9-CE81757E0D0A} = {C5BE9A51-D9D0-4F25-9A51-61A1C834C1EB}
		{DA409CFE-9D5D-45C7-A940-FC6D4EE2121D} = {6FD3F331-F0AE-474D-B1D9-B8F5C258B42A}
	EndGlobalSection
	GlobalSection(ExtensibilityGlobals) = postSolution
		SolutionGuid = {32EC4B33-3EB5-494F-A07D-DC5BCB5D7DCC}
	EndGlobalSection
EndGlobal
